
Microsoft Visual Studio Solution File, Format Version 12.00
# Visual Studio Version 17
VisualStudioVersion = 17.0.32014.148
MinimumVisualStudioVersion = 10.0.40219.1
Project("{FAE04EC0-301F-11D3-BF4B-00C04F79EFBC}") = "cs408_hw1_client", "cs408_hw1_client.csproj", "{73420F7A-2289-41F8-BE3E-7A92BAB7F844}"
EndProject
Global
	GlobalSection(SolutionConfigurationPlatforms) = preSolution
		Debug|Any CPU = Debug|Any CPU
		Release|Any CPU = Release|Any CPU
	EndGlobalSection
	GlobalSection(ProjectConfigurationPlatforms) = postSolution
		{73420F7A-2289-41F8-BE3E-7A92BAB7F844}.Debug|Any CPU.ActiveCfg = Debug|Any CPU
		{73420F7A-2289-41F8-BE3E-7A92BAB7F844}.Debug|Any CPU.Build.0 = Debug|Any CPU
		{73420F7A-2289-41F8-BE3E-7A92BAB7F844}.Release|Any CPU.ActiveCfg = Release|Any CPU
		{73420F7A-2289-41F8-BE3E-7A92BAB7F844}.Release|Any CPU.Build.0 = Release|Any CPU
	EndGlobalSection
	GlobalSection(SolutionProperties) = preSolution
		HideSolutionNode = FALSE
	EndGlobalSection
	GlobalSection(ExtensibilityGlobals) = postSolution
		SolutionGuid = {37817F2F-CBA3-45E9-B392-F9B4811D0820}
	EndGlobalSection
EndGlobal
